{
    "_meta": {
        "hash": {
            "sha256": "1951a6d4790e573faa487e6738ca4381edd85c9eb7c9dd8417abb2f11bffa114"
        },
        "pipfile-spec": 6,
        "requires": {
            "python_version": "2.7"
        },
        "sources": [
            {
                "name": "pypi",
                "url": "https://pypi.org/simple",
                "verify_ssl": true
            },
            {
                "name": "kruxfoss",
                "url": "${KRUX_PIP_FOSS_URL}",
                "verify_ssl": true
            }
        ]
    },
    "default": {
        "boto": {
            "hashes": [
                "sha256:147758d41ae7240dc989f0039f27da8ca0d53734be0eb869ef16e3adcfa462e8",
                "sha256:ea0d3b40a2d852767be77ca343b58a9e3a4b00d9db440efb8da74b4e58025e5a"
            ],
            "index": "pypi",
            "version": "==2.49.0"
        },
        "boto3": {
            "hashes": [
                "sha256:9d588e23a8f6bbb1c71790d70190f67bd644aaf6a6010ffed40d63c1f38d6b9d",
                "sha256:d695bb99dec048800fcba9657182d2db3a4cae5e6c3625a5b3a5cd785fb2d6d6"
            ],
            "index": "pypi",
            "version": "==1.9.224"
        },
        "botocore": {
            "hashes": [
                "sha256:197f118419b81c8e15db03b92220f9fa864de2f062d962dbbe1a30d42d080d50",
                "sha256:e2009cc78a99d284aa40d8bdc6954a47f2afeeecd33492ba8ef9337b97d0044c"
            ],
            "version": "==1.12.224"
        },
        "docutils": {
            "hashes": [
                "sha256:6c4f696463b79f1fb8ba0c594b63840ebd41f059e92b31957c46b74a4599b6d0",
                "sha256:9e4d7ecfc600058e07ba661411a2b7de2fd0fafa17d1a7f7361cd47b1175c827",
                "sha256:a2aeea129088da402665e92e0b25b04b073c04b2dce4ab65caaa38b7ce2e1a99"
            ],
            "version": "==0.15.2"
        },
        "enum34": {
            "hashes": [
                "sha256:2d81cbbe0e73112bdfe6ef8576f2238f2ba27dd0d55752a776c41d38b7da2850",
                "sha256:644837f692e5f550741432dd3f223bbb9852018674981b1664e5dc339387588a",
                "sha256:6bd0f6ad48ec2aa117d3d141940d484deccda84d4fcd884f5c3d93c23ecd8c79",
                "sha256:8ad8c4783bf61ded74527bffb48ed9b54166685e4230386a9ed9b1279e2df5b1"
            ],
            "index": "pypi",
            "version": "==1.1.6"
        },
        "future": {
            "hashes": [
                "sha256:67045236dcfd6816dc439556d009594abf643e5eb48992e36beac09c2ca659b8"
            ],
            "version": "==0.17.1"
        },
        "futures": {
            "hashes": [
                "sha256:49b3f5b064b6e3afc3316421a3f25f66c137ae88f068abbf72830170033c5e16",
                "sha256:7e033af76a5e35f58e56da7a91e687706faf4e7bdfb2cbc3f2cca6b9bcda9794"
            ],
            "markers": "python_version == '2.6' or python_version == '2.7'",
            "version": "==3.3.0"
        },
        "jmespath": {
            "hashes": [
                "sha256:3720a4b1bd659dd2eecad0666459b9788813e032b83e7ba58578e48254e0a0e6",
                "sha256:bde2aef6f44302dfb30320115b17d030798de8c4110e28d5cf6cf91a7a31074c"
            ],
            "version": "==0.9.4"
        },
        "krux-stdlib": {
            "hashes": [
                "sha256:338ef5bf9e0ab2350d1207139b893cff30ff841476b7ed9767b3ea0512b2e01a"
            ],
            "index": "kruxfoss",
            "version": "==4.0.0"
        },
        "kruxstatsd": {
            "hashes": [
                "sha256:1206c661d819d95a26eef8dcf43f3349a5b3d9fe781c75b254a359cc6695bfc9"
            ],
            "version": "==0.3.6"
        },
        "lockfile": {
            "hashes": [
                "sha256:6aed02de03cba24efabcd600b30540140634fc06cfa603822d508d5361e9f799",
                "sha256:6c3cb24f344923d30b2785d5ad75182c8ea7ac1b6171b08657258ec7429d50fa"
            ],
            "version": "==0.12.2"
        },
        "pystache": {
            "hashes": [
                "sha256:f7bbc265fb957b4d6c7c042b336563179444ab313fb93a719759111eabd3b85a"
            ],
            "version": "==0.5.4"
        },
        "python-dateutil": {
            "hashes": [
                "sha256:7e6584c74aeed623791615e26efd690f29817a27c73085b78e4bad02493df2fb",
                "sha256:c89805f6f4d64db21ed966fda138f8a5ed7a4fdbc1a8ee329ce1b74e3c74da9e"
            ],
            "markers": "python_version >= '2.7'",
            "version": "==2.8.0"
        },
        "s3transfer": {
            "hashes": [
                "sha256:6efc926738a3cd576c2a79725fed9afde92378aa5c6a957e3af010cb019fac9d",
                "sha256:b780f2411b824cb541dbcd2c713d0cb61c7d1bcadae204cdddda2b35cef493ba"
            ],
            "version": "==0.2.1"
        },
        "six": {
            "hashes": [
                "sha256:3350809f0555b11f552448330d0b52d5f24c91a322ea4a15ef22629740f3761c",
                "sha256:d16a0141ec1a18405cd4ce8b4613101da75da0e9a7aec5bdd4fa804d0e0eba73"
            ],
            "index": "pypi",
            "version": "==1.12.0"
        },
        "statsd": {
            "hashes": [
                "sha256:c610fb80347fca0ef62666d241bce64184bd7cc1efe582f9690e045c25535eaa",
                "sha256:e3e6db4c246f7c59003e51c9720a51a7f39a396541cb9b147ff4b14d15b5dd1f"
            ],
            "version": "==3.3.0"
        },
        "subprocess32": {
            "hashes": [
                "sha256:88e37c1aac5388df41cc8a8456bb49ebffd321a3ad4d70358e3518176de3a56b",
                "sha256:eb2937c80497978d181efa1b839ec2d9622cf9600a039a79d0e108d1f9aec79d"
            ],
            "version": "==3.5.4"
        },
        "urllib3": {
            "hashes": [
                "sha256:b246607a25ac80bedac05c6f282e3cdaf3afb65420fd024ac94435cabe6e18d1",
                "sha256:dbe59173209418ae49d485b87d1681aefa36252ee85884c31346debd19463232"
            ],
            "markers": "python_version == '2.7'",
            "version": "==1.25.3"
        }
    },
    "develop": {
        "coverage": {
            "hashes": [
                "sha256:28a61877d72937d1cc367f09859ddacad99ea26f6fc468c34937e1004db54798",
                "sha256:31c1ef428482d22e84e37e79908b4e35014bc1c247bd3819b31e1246466743fb",
                "sha256:38e87c46d364b8b3ac4d161586707345b7bc7b16855be1751345fc91be702ff7",
                "sha256:40092d2d24c8ecf3d3ffc84521f88a0fe140fa333a95422f194bd48b9de049f7",
                "sha256:4138fc4741a54aaf6dd6d91cebe075a899b7f4a841680638704e4eec803c8268",
                "sha256:42450b715dedb7a9e721ed016f5044fdc2a05b1c5098bb397d169e9846d7b031",
                "sha256:5e3066a2bce9320044997a809968ae798429548caf2e2a520bc5f2bb853f6cc0",
                "sha256:61224ed8243bda02dbd3aa3fff760eaa8fd30774c79b9e1ca8aa1c12294596fe",
                "sha256:6a797de7c1855e88a6bb2cade546f894f89c6342bbeae78f474f269460dd8f4f",
                "sha256:6d6ca7c7406edc03f50f751a583d0e0c1d64b2c01da8e1b9b40d5961a23c126d",
                "sha256:735cdc43a39407bf87b61e91f621d52e5acc5f4f52999d0f7ff4594a147ef669",
                "sha256:81069320e72dfb28bbc07e79ae94aa79d6fe7660eb9aae809d363b7f889020de",
                "sha256:9d1c398f14290bc4ae4bc5ce01c283cabe734a068ba39e6a20b3eb4d3a412b52",
                "sha256:a5dda361f947dd67891f73a373ef63059cf3e551ac248dd3e91f76ea1b39cdda",
                "sha256:b8faa97f0d3708c9ec487367fbcee630117d8ce161fe6b185b2e72e48be2275b",
                "sha256:bd4eba631f07cae8cdb9c55c144f165649e6701b962f9d604b4e00cf8802406c",
                "sha256:d12b46247e74c1881768feb3ae48fbbb95e5c883b0c3517acdf86f435560fc61",
                "sha256:e312776d3ef04632ec742ce2d2b7048b635073e0245e4f44dfe8b08cc50ac656"
            ],
            "index": "pypi",
            "version": "==4.2"
        },
        "funcsigs": {
            "hashes": [
                "sha256:330cc27ccbf7f1e992e69fef78261dc7c6569012cf397db8d3de0234e6c937ca",
                "sha256:a7bb0f2cf3a3fd1ab2732cb49eba4252c2af4240442415b4abce3b87022a8f50"
            ],
            "markers": "python_version < '3.3'",
            "version": "==1.0.2"
        },
        "mock": {
            "hashes": [
                "sha256:83657d894c90d5681d62155c82bda9c1187827525880eda8ff5df4ec813437c3",
                "sha256:d157e52d4e5b938c550f39eb2fd15610db062441a9c2747d3dbfa9298211d0f8"
            ],
            "index": "pypi",
            "version": "==3.0.5"
        },
        "nose": {
            "hashes": [
                "sha256:9ff7c6cc443f8c51994b34a667bbcf45afd6d945be7477b52e97516fd17c53ac",
                "sha256:dadcddc0aefbf99eea214e0f1232b94f2fa9bd98fa8353711dacb112bfcbbb2a",
                "sha256:f1bffef9cbc82628f6e7d7b40d7e255aefaa1adb6a1b1d26c69a8b79e6208a98"
            ],
            "index": "pypi",
            "version": "==1.3.7"
        },
        "six": {
            "hashes": [
                "sha256:3350809f0555b11f552448330d0b52d5f24c91a322ea4a15ef22629740f3761c",
                "sha256:d16a0141ec1a18405cd4ce8b4613101da75da0e9a7aec5bdd4fa804d0e0eba73"
            ],
            "index": "pypi",
            "version": "==1.12.0"
        }
    }
}
