{
    "_meta": {
        "hash": {
            "sha256": "04b51147a796c164f015ffe13cdd52e09d414e82707fd92c7fdaf173763a33b0"
        },
        "pipfile-spec": 6,
        "requires": {},
        "sources": [
            {
                "name": "kruxprop",
                "url": "${KRUX_PIP_PROP_URL}",
                "verify_ssl": true
            },
            {
                "name": "kruxfoss",
                "url": "${KRUX_PIP_FOSS_URL}",
                "verify_ssl": true
            },
            {
                "name": "pypi",
                "url": "https://${ARTIFACTORY_USER}:${ARTIFACTORY_PASSWORD}@kruxmvn.jfrog.io/artifactory/api/pypi/pypi/simple",
                "verify_ssl": true
            }
        ]
    },
    "default": {
        "boto": {
            "hashes": [
                "sha256:147758d41ae7240dc989f0039f27da8ca0d53734be0eb869ef16e3adcfa462e8",
                "sha256:ea0d3b40a2d852767be77ca343b58a9e3a4b00d9db440efb8da74b4e58025e5a"
            ],
            "index": "kruxprop",
            "version": "==2.49.0"
        },
        "boto3": {
            "hashes": [
                "sha256:b091cf6581dc137f100789240d628a105c989cf8f559b863fd15e18c1a29b714",
                "sha256:bd4c26d304abba8d96817bb83917bb2e19123f5ce1a5dd26255f866daeff61c7"
            ],
            "index": "kruxprop",
            "version": "==1.16.17"
        },
        "botocore": {
            "hashes": [
                "sha256:ad4adfcc195b5401d84b0c65d3a89e507c1d54c201879c8761ff10ef5c361e21",
                "sha256:d3694f6ef918def8082513e5ef309cd6cd83b612e9984e3a66e8adc98c650a92"
            ],
            "version": "==1.19.63"
        },
        "future": {
            "hashes": [
                "sha256:b1bead90b70cf6ec3f0710ae53a525360fa360d306a86583adc6bf83a4db537d"
            ],
            "markers": "python_version >= '2.6' and python_version not in '3.0, 3.1, 3.2'",
            "version": "==0.18.2"
        },
        "jmespath": {
            "hashes": [
                "sha256:b85d0567b8666149a93172712e68920734333c0ce7e89b78b3e987f71e5ed4f9",
                "sha256:cdf6525904cc597730141d61b36f2e4b8ecc257c420fa2f4549bac2c2d0cb72f"
            ],
            "markers": "python_version >= '2.6' and python_version not in '3.0, 3.1, 3.2'",
            "version": "==0.10.0"
        },
        "krux-stdlib": {
            "hashes": [
                "sha256:de6a40138d4226c20e100e5102c8d01e46177bfa16cc4e7c3a06856c65097a4e"
            ],
            "index": "kruxprop",
            "version": "==4.0.1"
        },
        "kruxstatsd": {
            "hashes": [
                "sha256:f91ff258237303a36fffa3564e282e8a6b0c566fc6ddfec9f6d66d0b509cd618"
            ],
            "version": "==0.3.6"
        },
        "lockfile": {
            "hashes": [
                "sha256:6aed02de03cba24efabcd600b30540140634fc06cfa603822d508d5361e9f799",
                "sha256:6c3cb24f344923d30b2785d5ad75182c8ea7ac1b6171b08657258ec7429d50fa"
            ],
            "version": "==0.12.2"
        },
        "pystache": {
            "hashes": [
                "sha256:f7bbc265fb957b4d6c7c042b336563179444ab313fb93a719759111eabd3b85a"
            ],
            "version": "==0.5.4"
        },
        "python-dateutil": {
            "hashes": [
                "sha256:73ebfe9dbf22e832286dafa60473e4cd239f8592f699aa5adaf10050e6e1823c",
                "sha256:75bb3f31ea686f1197762692a9ee6a7550b59fc6ca3a1f4b5d7e32fb98e2da2a"
            ],
            "markers": "python_version >= '2.7' and python_version not in '3.0, 3.1, 3.2'",
            "version": "==2.8.1"
        },
        "s3transfer": {
            "hashes": [
                "sha256:1e28620e5b444652ed752cf87c7e0cb15b0e578972568c6609f0f18212f259ed",
                "sha256:7fdddb4f22275cf1d32129e21f056337fd2a80b6ccef1664528145b72c49e6d2"
            ],
            "version": "==0.3.4"
        },
        "six": {
            "hashes": [
                "sha256:30639c035cdb23534cd4aa2dd52c3bf48f06e5f4a941509c8bafd8ce11080259",
                "sha256:8b74bedcbbbaca38ff6d7491d76f2b06b3592611af620f8426e82dddb04a5ced"
            ],
            "index": "kruxprop",
            "version": "==1.15.0"
        },
        "statsd": {
            "hashes": [
                "sha256:c610fb80347fca0ef62666d241bce64184bd7cc1efe582f9690e045c25535eaa",
                "sha256:e3e6db4c246f7c59003e51c9720a51a7f39a396541cb9b147ff4b14d15b5dd1f"
            ],
            "version": "==3.3.0"
        },
        "urllib3": {
            "hashes": [
                "sha256:1b465e494e3e0d8939b50680403e3aedaa2bc434b7d5af64dfd3c958d7f5ae80",
                "sha256:de3eedaad74a2683334e282005cd8d7f22f4d55fa690a2a1020a416cb0a47e73"
            ],
            "markers": "python_version != '3.4'",
            "version": "==1.26.3"
        }
    },
    "develop": {
        "coverage": {
            "hashes": [
                "sha256:189aac76d6e0d7af15572c51892e7326ee451c076c5a50a9d266406cd6c49708",
                "sha256:1bf7ba2af1d373a1750888724f84cffdfc697738f29a353c98195f98fc011509",
                "sha256:1f4ee8e2e4243971618bc16fcc4478317405205f135e95226c2496e2a3b8dbbf",
                "sha256:225e79a5d485bc1642cb7ba02281419c633c216cdc6b26c26494ba959f09e69f",
                "sha256:23688ff75adfa8bfa2a67254d889f9bdf9302c27241d746e17547c42c732d3f4",
                "sha256:28f7f73b34a05e23758e860a89a7f649b85c6749e252eff60ebb05532d180e86",
                "sha256:2d0cb9b1fe6ad0d915d45ad3d87f03a38e979093a98597e755930db1f897afae",
                "sha256:47874b4711c5aeb295c31b228a758ce3d096be83dc37bd56da48ed99efb8813b",
                "sha256:511ec0c00840e12fb4e852e4db58fa6a01ca4da72f36a9766fae344c3d502033",
                "sha256:53e7438fef0c97bc248f88ba1edd10268cd94d5609970aaf87abbe493691af87",
                "sha256:569f9ee3025682afda6e9b0f5bb14897c0db03f1a1dc088b083dd36e743f92bb",
                "sha256:593853aa1ac6dcc6405324d877544c596c9d948ef20d2e9512a0f5d2d3202356",
                "sha256:5b0a07158360d22492f9abd02a0f2ee7981b33f0646bf796598b7673f6bbab14",
                "sha256:7ca3db38a61f3655a2613ee2c190d63639215a7a736d3c64cc7bbdb002ce6310",
                "sha256:7d1cc7acc9ce55179616cf72154f9e648136ea55987edf84addbcd9886ffeba2",
                "sha256:88b51153657612aea68fa684a5b88037597925260392b7bb4509d4f9b0bdd889",
                "sha256:955ec084f549128fa2702f0b2dc696392001d986b71acd8fd47424f28289a9c3",
                "sha256:b251c7092cbb6d789d62dc9c9e7c4fb448c9138b51285c36aeb72462cad3600e",
                "sha256:bd82b684bb498c60ef47bb1541a50e6d006dde8579934dcbdbc61d67d1ea70d9",
                "sha256:bfe102659e2ec13b86c7f3b1db6c9a4e7beea4255058d006351339e6b342d5d2",
                "sha256:c1e4e39e43057396a5e9d069bfbb6ffeee892e40c5d2effbd8cd71f34ee66c4d",
                "sha256:cb2b74c123f65e8166f7e1265829a6c8ed755c3cd16d7f50e75a83456a5f3fd7",
                "sha256:cca38ded59105f7705ef6ffe1e960b8db6c7d8279c1e71654a4775ab4454ca15",
                "sha256:cf908840896f7aa62d0ec693beb53264b154f972eb8226fb864ac38975590c4f",
                "sha256:d095a7b473f8a95f7efe821f92058c8a2ecfb18f8db6677ae3819e15dc11aaae",
                "sha256:d22b4297e7e4225ccf01f1aa55e7a96412ea0796b532dd614c3fcbafa341128e",
                "sha256:d4a2b578a7a70e0c71f662705262f87a456f1e6c1e40ada7ea699abaf070a76d",
                "sha256:ddeb42a3d5419434742bf4cc71c9eaa22df3b76808e23a82bd0b0bd360f1a9f1",
                "sha256:e65a5aa1670db6263f19fdc03daee1d7dbbadb5cb67fd0a1f16033659db13c1d",
                "sha256:eaad65bd20955131bcdb3967a4dea66b4e4d4ca488efed7c00d91ee0173387e8",
                "sha256:f45fba420b94165c17896861bb0e8b27fb7abdcedfeb154895d8553df90b7b00"
            ],
            "index": "kruxprop",
            "version": "==5.0.2"
        },
        "mock": {
            "hashes": [
                "sha256:9d419c9a9560559dd7a6cce84785b0bc54aa1e7717787802ab9208ce93480e63",
                "sha256:d7b59735b8f9e20735cbfc49e8201df76e9c93ad25bfa2c1bbd08155d4e9c54a"
            ],
            "index": "kruxprop",
            "version": "==3.0.0"
        },
        "nose": {
            "hashes": [
                "sha256:9ff7c6cc443f8c51994b34a667bbcf45afd6d945be7477b52e97516fd17c53ac",
                "sha256:dadcddc0aefbf99eea214e0f1232b94f2fa9bd98fa8353711dacb112bfcbbb2a",
                "sha256:f1bffef9cbc82628f6e7d7b40d7e255aefaa1adb6a1b1d26c69a8b79e6208a98"
            ],
            "index": "kruxprop",
            "version": "==1.3.7"
        }
    }
}
